
Microsoft Visual Studio Solution File, Format Version 12.00
# Visual Studio 15
VisualStudioVersion = 15.0.28307.779
MinimumVisualStudioVersion = 10.0.40219.1
Project("{2150E333-8FDC-42A3-9474-1A3956D46DE8}") = "1-Presentation", "1-Presentation", "{2187F83F-F200-4E57-B3B0-69D93B800E7A}"
EndProject
Project("{2150E333-8FDC-42A3-9474-1A3956D46DE8}") = "2-Services", "2-Services", "{8D1D0749-9F96-45A8-A7EB-99C7995380F3}"
EndProject
Project("{2150E333-8FDC-42A3-9474-1A3956D46DE8}") = "3-Application", "3-Application", "{EA166D25-926F-4210-BC78-D4BD60B1F635}"
EndProject
Project("{2150E333-8FDC-42A3-9474-1A3956D46DE8}") = "4-Domain", "4-Domain", "{627229A6-F43B-4AB9-95E7-E2F7E8F110B1}"
EndProject
Project("{2150E333-8FDC-42A3-9474-1A3956D46DE8}") = "4.1-Domain", "4.1-Domain", "{7A820F81-8EF9-46C4-BA51-89ED2F373B24}"
EndProject
Project("{2150E333-8FDC-42A3-9474-1A3956D46DE8}") = "4.2-Domain.Core", "4.2-Domain.Core", "{E70DF725-ACD8-4599-9BB1-F6909CE1CE11}"
EndProject
Project("{9A19103F-16F7-4668-BE54-9A1E7A4F7556}") = "JP_Devolupment.Domain", "src\JP_Devolupment.Domain\JP_Devolupment.Domain.csproj", "{AA9F116A-C456-424B-AEC9-98CCA3E8360D}"
EndProject
Project("{9A19103F-16F7-4668-BE54-9A1E7A4F7556}") = "JP_Devolupment.Domain.Core", "src\JP_Devolupment.Domain.Core\JP_Devolupment.Domain.Core.csproj", "{BD3CEE7D-70CF-4F86-8604-E59A9E49A4FC}"
EndProject
Project("{2150E333-8FDC-42A3-9474-1A3956D46DE8}") = "5-Infra", "5-Infra", "{90E440D2-4DF2-444F-9D84-7A276CCDEE57}"
EndProject
Project("{2150E333-8FDC-42A3-9474-1A3956D46DE8}") = "5.1-JP_Devolupment.Infra.Data", "5.1-JP_Devolupment.Infra.Data", "{965C81BB-F6D7-490C-842A-C33F9BA90C2B}"
EndProject
Project("{9A19103F-16F7-4668-BE54-9A1E7A4F7556}") = "JP_Devolupment.Infra.Data", "src\JP_Devolupment.Infra.Data\JP_Devolupment.Infra.Data.csproj", "{0EEF54E1-6B03-4235-B89D-EF774C2E9DCC}"
EndProject
Project("{2150E333-8FDC-42A3-9474-1A3956D46DE8}") = "5.2-CrossCutting", "5.2-CrossCutting", "{08F060A9-99C6-4ECF-AAB4-27EE323EA398}"
EndProject
Project("{2150E333-8FDC-42A3-9474-1A3956D46DE8}") = "5.2.1-CrossCutting.Bus", "5.2.1-CrossCutting.Bus", "{602F1FC3-6BF8-483D-8CFC-228524207530}"
EndProject
Project("{9A19103F-16F7-4668-BE54-9A1E7A4F7556}") = "JP_Devolupment.Infra.CrossCutting.Bus", "src\JP_Devolupment.Infra.CrossCutting.Bus\JP_Devolupment.Infra.CrossCutting.Bus.csproj", "{D98AE0F7-3C8F-4F19-B570-B4C08AED431B}"
EndProject
Project("{2150E333-8FDC-42A3-9474-1A3956D46DE8}") = "5.2.2-CrossCutting.Identity", "5.2.2-CrossCutting.Identity", "{BBB8BC35-2DDC-4192-ACA7-EA6040C24CB6}"
EndProject
Project("{9A19103F-16F7-4668-BE54-9A1E7A4F7556}") = "JP_Devolupment.Infra.CrossCutting.Identity", "src\JP_Devolupment.Infra.CrossCutting.Identity\JP_Devolupment.Infra.CrossCutting.Identity.csproj", "{1D97930B-B0CC-4DA2-B1CA-96DB23D1656C}"
EndProject
Project("{2150E333-8FDC-42A3-9474-1A3956D46DE8}") = "5.2.3--CrossCutting.IoC", "5.2.3--CrossCutting.IoC", "{6C703FE1-E0AE-4A55-BE16-CF632A264D01}"
EndProject
Project("{9A19103F-16F7-4668-BE54-9A1E7A4F7556}") = "JP_Devolupment.Infra.CrossCutting.IoC", "src\JP_Devolupment.Infra.CrossCutting.IoC\JP_Devolupment.Infra.CrossCutting.IoC.csproj", "{B04F94C8-23EF-40AE-ABEA-1A51D8C072F3}"
EndProject
Project("{9A19103F-16F7-4668-BE54-9A1E7A4F7556}") = "JP_Devolupment.Application", "src\JP_Devolupment.Application\JP_Devolupment.Application.csproj", "{09A4A7AD-1900-445A-8469-2AFB56E191C1}"
EndProject
Project("{9A19103F-16F7-4668-BE54-9A1E7A4F7556}") = "JP_Devolupment.Services.Api", "src\JP_Devolupment.Services.Api\JP_Devolupment.Services.Api.csproj", "{52F1096C-D82E-4953-AB15-96D8124E0557}"
EndProject
Project("{9A19103F-16F7-4668-BE54-9A1E7A4F7556}") = "JP_Devolupment.UI.Web", "src\JP_Devolupment.UI.Web\JP_Devolupment.UI.Web.csproj", "{7FD39E20-7970-4D70-B5AA-733C3E121A8F}"
EndProject
Global
	GlobalSection(SolutionConfigurationPlatforms) = preSolution
		Debug|Any CPU = Debug|Any CPU
		Release|Any CPU = Release|Any CPU
	EndGlobalSection
	GlobalSection(ProjectConfigurationPlatforms) = postSolution
		{AA9F116A-C456-424B-AEC9-98CCA3E8360D}.Debug|Any CPU.ActiveCfg = Debug|Any CPU
		{AA9F116A-C456-424B-AEC9-98CCA3E8360D}.Debug|Any CPU.Build.0 = Debug|Any CPU
		{AA9F116A-C456-424B-AEC9-98CCA3E8360D}.Release|Any CPU.ActiveCfg = Release|Any CPU
		{AA9F116A-C456-424B-AEC9-98CCA3E8360D}.Release|Any CPU.Build.0 = Release|Any CPU
		{BD3CEE7D-70CF-4F86-8604-E59A9E49A4FC}.Debug|Any CPU.ActiveCfg = Debug|Any CPU
		{BD3CEE7D-70CF-4F86-8604-E59A9E49A4FC}.Debug|Any CPU.Build.0 = Debug|Any CPU
		{BD3CEE7D-70CF-4F86-8604-E59A9E49A4FC}.Release|Any CPU.ActiveCfg = Release|Any CPU
		{BD3CEE7D-70CF-4F86-8604-E59A9E49A4FC}.Release|Any CPU.Build.0 = Release|Any CPU
		{0EEF54E1-6B03-4235-B89D-EF774C2E9DCC}.Debug|Any CPU.ActiveCfg = Debug|Any CPU
		{0EEF54E1-6B03-4235-B89D-EF774C2E9DCC}.Debug|Any CPU.Build.0 = Debug|Any CPU
		{0EEF54E1-6B03-4235-B89D-EF774C2E9DCC}.Release|Any CPU.ActiveCfg = Release|Any CPU
		{0EEF54E1-6B03-4235-B89D-EF774C2E9DCC}.Release|Any CPU.Build.0 = Release|Any CPU
		{D98AE0F7-3C8F-4F19-B570-B4C08AED431B}.Debug|Any CPU.ActiveCfg = Debug|Any CPU
		{D98AE0F7-3C8F-4F19-B570-B4C08AED431B}.Debug|Any CPU.Build.0 = Debug|Any CPU
		{D98AE0F7-3C8F-4F19-B570-B4C08AED431B}.Release|Any CPU.ActiveCfg = Release|Any CPU
		{D98AE0F7-3C8F-4F19-B570-B4C08AED431B}.Release|Any CPU.Build.0 = Release|Any CPU
		{1D97930B-B0CC-4DA2-B1CA-96DB23D1656C}.Debug|Any CPU.ActiveCfg = Debug|Any CPU
		{1D97930B-B0CC-4DA2-B1CA-96DB23D1656C}.Debug|Any CPU.Build.0 = Debug|Any CPU
		{1D97930B-B0CC-4DA2-B1CA-96DB23D1656C}.Release|Any CPU.ActiveCfg = Release|Any CPU
		{1D97930B-B0CC-4DA2-B1CA-96DB23D1656C}.Release|Any CPU.Build.0 = Release|Any CPU
		{B04F94C8-23EF-40AE-ABEA-1A51D8C072F3}.Debug|Any CPU.ActiveCfg = Debug|Any CPU
		{B04F94C8-23EF-40AE-ABEA-1A51D8C072F3}.Debug|Any CPU.Build.0 = Debug|Any CPU
		{B04F94C8-23EF-40AE-ABEA-1A51D8C072F3}.Release|Any CPU.ActiveCfg = Release|Any CPU
		{B04F94C8-23EF-40AE-ABEA-1A51D8C072F3}.Release|Any CPU.Build.0 = Release|Any CPU
		{09A4A7AD-1900-445A-8469-2AFB56E191C1}.Debug|Any CPU.ActiveCfg = Debug|Any CPU
		{09A4A7AD-1900-445A-8469-2AFB56E191C1}.Debug|Any CPU.Build.0 = Debug|Any CPU
		{09A4A7AD-1900-445A-8469-2AFB56E191C1}.Release|Any CPU.ActiveCfg = Release|Any CPU
		{09A4A7AD-1900-445A-8469-2AFB56E191C1}.Release|Any CPU.Build.0 = Release|Any CPU
		{52F1096C-D82E-4953-AB15-96D8124E0557}.Debug|Any CPU.ActiveCfg = Debug|Any CPU
		{52F1096C-D82E-4953-AB15-96D8124E0557}.Debug|Any CPU.Build.0 = Debug|Any CPU
		{52F1096C-D82E-4953-AB15-96D8124E0557}.Release|Any CPU.ActiveCfg = Release|Any CPU
		{52F1096C-D82E-4953-AB15-96D8124E0557}.Release|Any CPU.Build.0 = Release|Any CPU
		{7FD39E20-7970-4D70-B5AA-733C3E121A8F}.Debug|Any CPU.ActiveCfg = Debug|Any CPU
		{7FD39E20-7970-4D70-B5AA-733C3E121A8F}.Debug|Any CPU.Build.0 = Debug|Any CPU
		{7FD39E20-7970-4D70-B5AA-733C3E121A8F}.Release|Any CPU.ActiveCfg = Release|Any CPU
		{7FD39E20-7970-4D70-B5AA-733C3E121A8F}.Release|Any CPU.Build.0 = Release|Any CPU
	EndGlobalSection
	GlobalSection(SolutionProperties) = preSolution
		HideSolutionNode = FALSE
	EndGlobalSection
	GlobalSection(NestedProjects) = preSolution
		{7A820F81-8EF9-46C4-BA51-89ED2F373B24} = {627229A6-F43B-4AB9-95E7-E2F7E8F110B1}
		{E70DF725-ACD8-4599-9BB1-F6909CE1CE11} = {627229A6-F43B-4AB9-95E7-E2F7E8F110B1}
		{AA9F116A-C456-424B-AEC9-98CCA3E8360D} = {7A820F81-8EF9-46C4-BA51-89ED2F373B24}
		{BD3CEE7D-70CF-4F86-8604-E59A9E49A4FC} = {E70DF725-ACD8-4599-9BB1-F6909CE1CE11}
		{965C81BB-F6D7-490C-842A-C33F9BA90C2B} = {90E440D2-4DF2-444F-9D84-7A276CCDEE57}
		{0EEF54E1-6B03-4235-B89D-EF774C2E9DCC} = {965C81BB-F6D7-490C-842A-C33F9BA90C2B}
		{08F060A9-99C6-4ECF-AAB4-27EE323EA398} = {90E440D2-4DF2-444F-9D84-7A276CCDEE57}
		{602F1FC3-6BF8-483D-8CFC-228524207530} = {08F060A9-99C6-4ECF-AAB4-27EE323EA398}
		{D98AE0F7-3C8F-4F19-B570-B4C08AED431B} = {602F1FC3-6BF8-483D-8CFC-228524207530}
		{BBB8BC35-2DDC-4192-ACA7-EA6040C24CB6} = {08F060A9-99C6-4ECF-AAB4-27EE323EA398}
		{1D97930B-B0CC-4DA2-B1CA-96DB23D1656C} = {BBB8BC35-2DDC-4192-ACA7-EA6040C24CB6}
		{6C703FE1-E0AE-4A55-BE16-CF632A264D01} = {08F060A9-99C6-4ECF-AAB4-27EE323EA398}
		{B04F94C8-23EF-40AE-ABEA-1A51D8C072F3} = {6C703FE1-E0AE-4A55-BE16-CF632A264D01}
		{09A4A7AD-1900-445A-8469-2AFB56E191C1} = {EA166D25-926F-4210-BC78-D4BD60B1F635}
		{52F1096C-D82E-4953-AB15-96D8124E0557} = {8D1D0749-9F96-45A8-A7EB-99C7995380F3}
		{7FD39E20-7970-4D70-B5AA-733C3E121A8F} = {2187F83F-F200-4E57-B3B0-69D93B800E7A}
	EndGlobalSection
	GlobalSection(ExtensibilityGlobals) = postSolution
		SolutionGuid = {56914EE0-CD38-4DDA-AC29-D230A72CAD69}
	EndGlobalSection
EndGlobal
